# This file is automatically @generated by Cargo.
# It is not intended for manual editing.
version = 4

[[package]]
name = "Rust-WORLD"
version = "0.2.0"
dependencies = [
 "rsworld",
 "rsworld-sys",
]

[[package]]
name = "cc"
version = "1.2.3"
source = "registry+https://github.com/rust-lang/crates.io-index"
checksum = "27f657647bcff5394bf56c7317665bbf790a137a50eaaa5c6bfbb9e27a518f2d"
dependencies = [
 "shlex",
]

[[package]]
name = "rsworld"
version = "0.2.0"
dependencies = [
 "rsworld-sys",
]

[[package]]
name = "rsworld-sys"
version = "0.2.0"
dependencies = [
 "cc",
]

[[package]]
name = "shlex"
version = "1.3.0"
source = "registry+https://github.com/rust-lang/crates.io-index"
checksum = "0fda2ff0d084019ba4d7c6f371c95d8fd75ce3524c3cb8fb653a3023f6323e64"
